<?xml version="1.0" encoding="UTF-8"?>
<!DOCTYPE plist PUBLIC "-//Apple//DTD PLIST 1.0//EN" "http://www.apple.com/DTDs/PropertyList-1.0.dtd">
<plist version="1.0">
<dict>
	<key>archiveVersion</key>
	<string>1</string>
	<key>classes</key>
	<dict/>
	<key>objectVersion</key>
	<string>46</string>
	<key>objects</key>
	<dict>
		<key>65EE8F013EA946AA8380CC98</key>
		<dict>
			<key>includeInIndex</key>
			<string>1</string>
			<key>isa</key>
			<string>PBXFileReference</string>
			<key>lastKnownFileType</key>
			<string>text.xcconfig</string>
			<key>name</key>
			<string>Pods.xcconfig</string>
			<key>path</key>
			<string>Pods/Pods.xcconfig</string>
			<key>sourceTree</key>
			<string>&lt;group&gt;</string>
		</dict>
		<key>6680B1F7042A49519E7C0E96</key>
		<dict>
			<key>buildActionMask</key>
			<string>2147483647</string>
			<key>files</key>
			<array/>
			<key>inputPaths</key>
			<array/>
			<key>isa</key>
			<string>PBXShellScriptBuildPhase</string>
			<key>name</key>
			<string>Check Pods Manifest.lock</string>
			<key>outputPaths</key>
			<array/>
			<key>runOnlyForDeploymentPostprocessing</key>
			<string>0</string>
			<key>shellPath</key>
			<string>/bin/sh</string>
			<key>shellScript</key>
			<string>diff "${PODS_ROOT}/../Podfile.lock" "${PODS_ROOT}/Manifest.lock" &gt; /dev/null
if [[ $? != 0 ]] ; then
    cat &lt;&lt; EOM
error: The sandbox is not in sync with the Podfile.lock. Run 'pod install' or update your CocoaPods installation.
EOM
    exit 1
fi
</string>
			<key>showEnvVarsInLog</key>
			<string>0</string>
		</dict>
		<key>6F8FB697174746E0B3FCCE39</key>
		<dict>
			<key>fileRef</key>
			<string>A7F78E4C187647AA82DDB9C4</string>
			<key>isa</key>
			<string>PBXBuildFile</string>
		</dict>
		<key>A7F78E4C187647AA82DDB9C4</key>
		<dict>
			<key>explicitFileType</key>
			<string>archive.ar</string>
			<key>includeInIndex</key>
			<string>0</string>
			<key>isa</key>
			<string>PBXFileReference</string>
			<key>path</key>
			<string>libPods.a</string>
			<key>sourceTree</key>
			<string>BUILT_PRODUCTS_DIR</string>
		</dict>
		<key>AC130B4118D2C481002C14F8</key>
		<dict>
			<key>children</key>
			<array>
				<string>AC130B5318D2C481002C14F8</string>
				<string>AC130B6C18D2C481002C14F8</string>
				<string>AC130B4C18D2C481002C14F8</string>
				<string>AC130B4B18D2C481002C14F8</string>
				<string>65EE8F013EA946AA8380CC98</string>
			</array>
			<key>isa</key>
			<string>PBXGroup</string>
			<key>sourceTree</key>
			<string>&lt;group&gt;</string>
		</dict>
		<key>AC130B4218D2C481002C14F8</key>
		<dict>
			<key>attributes</key>
			<dict>
				<key>LastUpgradeCheck</key>
				<string>0500</string>
				<key>ORGANIZATIONNAME</key>
				<string>Little Cat Labs</string>
				<key>TargetAttributes</key>
				<dict>
					<key>AC130B6418D2C481002C14F8</key>
					<dict>
						<key>TestTargetID</key>
						<string>AC130B4918D2C481002C14F8</string>
					</dict>
				</dict>
			</dict>
			<key>buildConfigurationList</key>
			<string>AC130B4518D2C481002C14F8</string>
			<key>compatibilityVersion</key>
			<string>Xcode 3.2</string>
			<key>developmentRegion</key>
			<string>English</string>
			<key>hasScannedForEncodings</key>
			<string>0</string>
			<key>isa</key>
			<string>PBXProject</string>
			<key>knownRegions</key>
			<array>
				<string>en</string>
			</array>
			<key>mainGroup</key>
			<string>AC130B4118D2C481002C14F8</string>
			<key>productRefGroup</key>
			<string>AC130B4B18D2C481002C14F8</string>
			<key>projectDirPath</key>
			<string></string>
			<key>projectReferences</key>
			<array/>
			<key>projectRoot</key>
			<string></string>
			<key>targets</key>
			<array>
				<string>AC130B4918D2C481002C14F8</string>
				<string>AC130B6418D2C481002C14F8</string>
			</array>
		</dict>
		<key>AC130B4518D2C481002C14F8</key>
		<dict>
			<key>buildConfigurations</key>
			<array>
				<string>AC130B7418D2C481002C14F8</string>
				<string>AC130B7518D2C481002C14F8</string>
			</array>
			<key>defaultConfigurationIsVisible</key>
			<string>0</string>
			<key>defaultConfigurationName</key>
			<string>Release</string>
			<key>isa</key>
			<string>XCConfigurationList</string>
		</dict>
		<key>AC130B4618D2C481002C14F8</key>
		<dict>
			<key>buildActionMask</key>
			<string>2147483647</string>
			<key>files</key>
			<array>
				<string>AC83877718D3E5C300758203</string>
				<string>AC130B5E18D2C481002C14F8</string>
				<string>AC130B5A18D2C481002C14F8</string>
				<string>AC130B7F18D2C5FF002C14F8</string>
			</array>
			<key>isa</key>
			<string>PBXSourcesBuildPhase</string>
			<key>runOnlyForDeploymentPostprocessing</key>
			<string>0</string>
		</dict>
		<key>AC130B4718D2C481002C14F8</key>
		<dict>
			<key>buildActionMask</key>
			<string>2147483647</string>
			<key>files</key>
			<array>
				<string>AC130B5018D2C481002C14F8</string>
				<string>AC130B5218D2C481002C14F8</string>
				<string>AC130B4E18D2C481002C14F8</string>
				<string>6F8FB697174746E0B3FCCE39</string>
			</array>
			<key>isa</key>
			<string>PBXFrameworksBuildPhase</string>
			<key>runOnlyForDeploymentPostprocessing</key>
			<string>0</string>
		</dict>
		<key>AC130B4818D2C481002C14F8</key>
		<dict>
			<key>buildActionMask</key>
			<string>2147483647</string>
			<key>files</key>
			<array>
				<string>AC130B5818D2C481002C14F8</string>
				<string>AC130B6018D2C481002C14F8</string>
				<string>AC130B8018D2C5FF002C14F8</string>
			</array>
			<key>isa</key>
			<string>PBXResourcesBuildPhase</string>
			<key>runOnlyForDeploymentPostprocessing</key>
			<string>0</string>
		</dict>
		<key>AC130B4918D2C481002C14F8</key>
		<dict>
			<key>buildConfigurationList</key>
			<string>AC130B7618D2C481002C14F8</string>
			<key>buildPhases</key>
			<array>
				<string>6680B1F7042A49519E7C0E96</string>
				<string>AC130B4618D2C481002C14F8</string>
				<string>AC130B4718D2C481002C14F8</string>
				<string>AC130B4818D2C481002C14F8</string>
				<string>B558B719A21D4932AFA361A3</string>
			</array>
			<key>buildRules</key>
			<array/>
			<key>dependencies</key>
			<array/>
			<key>isa</key>
			<string>PBXNativeTarget</string>
			<key>name</key>
			<string>MovieList</string>
			<key>productName</key>
			<string>MovieList</string>
			<key>productReference</key>
			<string>AC130B4A18D2C481002C14F8</string>
			<key>productType</key>
			<string>com.apple.product-type.application</string>
		</dict>
		<key>AC130B4A18D2C481002C14F8</key>
		<dict>
			<key>explicitFileType</key>
			<string>wrapper.application</string>
			<key>includeInIndex</key>
			<string>0</string>
			<key>isa</key>
			<string>PBXFileReference</string>
			<key>path</key>
			<string>MovieList.app</string>
			<key>sourceTree</key>
			<string>BUILT_PRODUCTS_DIR</string>
		</dict>
		<key>AC130B4B18D2C481002C14F8</key>
		<dict>
			<key>children</key>
			<array>
				<string>AC130B4A18D2C481002C14F8</string>
				<string>AC130B6518D2C481002C14F8</string>
			</array>
			<key>isa</key>
			<string>PBXGroup</string>
			<key>name</key>
			<string>Products</string>
			<key>sourceTree</key>
			<string>&lt;group&gt;</string>
		</dict>
		<key>AC130B4C18D2C481002C14F8</key>
		<dict>
			<key>children</key>
			<array>
				<string>AC130B4D18D2C481002C14F8</string>
				<string>AC130B4F18D2C481002C14F8</string>
				<string>AC130B5118D2C481002C14F8</string>
				<string>AC130B6618D2C481002C14F8</string>
				<string>A7F78E4C187647AA82DDB9C4</string>
			</array>
			<key>isa</key>
			<string>PBXGroup</string>
			<key>name</key>
			<string>Frameworks</string>
			<key>sourceTree</key>
			<string>&lt;group&gt;</string>
		</dict>
		<key>AC130B4D18D2C481002C14F8</key>
		<dict>
			<key>isa</key>
			<string>PBXFileReference</string>
			<key>lastKnownFileType</key>
			<string>wrapper.framework</string>
			<key>name</key>
			<string>Foundation.framework</string>
			<key>path</key>
			<string>System/Library/Frameworks/Foundation.framework</string>
			<key>sourceTree</key>
			<string>SDKROOT</string>
		</dict>
		<key>AC130B4E18D2C481002C14F8</key>
		<dict>
			<key>fileRef</key>
			<string>AC130B4D18D2C481002C14F8</string>
			<key>isa</key>
			<string>PBXBuildFile</string>
		</dict>
		<key>AC130B4F18D2C481002C14F8</key>
		<dict>
			<key>isa</key>
			<string>PBXFileReference</string>
			<key>lastKnownFileType</key>
			<string>wrapper.framework</string>
			<key>name</key>
			<string>CoreGraphics.framework</string>
			<key>path</key>
			<string>System/Library/Frameworks/CoreGraphics.framework</string>
			<key>sourceTree</key>
			<string>SDKROOT</string>
		</dict>
		<key>AC130B5018D2C481002C14F8</key>
		<dict>
			<key>fileRef</key>
			<string>AC130B4F18D2C481002C14F8</string>
			<key>isa</key>
			<string>PBXBuildFile</string>
		</dict>
		<key>AC130B5118D2C481002C14F8</key>
		<dict>
			<key>isa</key>
			<string>PBXFileReference</string>
			<key>lastKnownFileType</key>
			<string>wrapper.framework</string>
			<key>name</key>
			<string>UIKit.framework</string>
			<key>path</key>
			<string>System/Library/Frameworks/UIKit.framework</string>
			<key>sourceTree</key>
			<string>SDKROOT</string>
		</dict>
		<key>AC130B5218D2C481002C14F8</key>
		<dict>
			<key>fileRef</key>
			<string>AC130B5118D2C481002C14F8</string>
			<key>isa</key>
			<string>PBXBuildFile</string>
		</dict>
		<key>AC130B5318D2C481002C14F8</key>
		<dict>
			<key>children</key>
			<array>
				<string>AC83877418D3E59400758203</string>
				<string>AC130B8118D2C711002C14F8</string>
				<string>AC130B5C18D2C481002C14F8</string>
				<string>AC130B5D18D2C481002C14F8</string>
				<string>AC130B5F18D2C481002C14F8</string>
				<string>AC130B5418D2C481002C14F8</string>
			</array>
			<key>isa</key>
			<string>PBXGroup</string>
			<key>path</key>
			<string>MovieList</string>
			<key>sourceTree</key>
			<string>&lt;group&gt;</string>
		</dict>
		<key>AC130B5418D2C481002C14F8</key>
		<dict>
			<key>children</key>
			<array>
				<string>AC130B5518D2C481002C14F8</string>
				<string>AC130B5618D2C481002C14F8</string>
				<string>AC130B5918D2C481002C14F8</string>
				<string>AC130B5B18D2C481002C14F8</string>
			</array>
			<key>isa</key>
			<string>PBXGroup</string>
			<key>name</key>
			<string>Supporting Files</string>
			<key>sourceTree</key>
			<string>&lt;group&gt;</string>
		</dict>
		<key>AC130B5518D2C481002C14F8</key>
		<dict>
			<key>isa</key>
			<string>PBXFileReference</string>
			<key>lastKnownFileType</key>
			<string>text.plist.xml</string>
			<key>path</key>
			<string>MovieList-Info.plist</string>
			<key>sourceTree</key>
			<string>&lt;group&gt;</string>
		</dict>
		<key>AC130B5618D2C481002C14F8</key>
		<dict>
			<key>children</key>
			<array>
				<string>AC130B5718D2C481002C14F8</string>
			</array>
			<key>isa</key>
			<string>PBXVariantGroup</string>
			<key>name</key>
			<string>InfoPlist.strings</string>
			<key>sourceTree</key>
			<string>&lt;group&gt;</string>
		</dict>
		<key>AC130B5718D2C481002C14F8</key>
		<dict>
			<key>isa</key>
			<string>PBXFileReference</string>
			<key>lastKnownFileType</key>
			<string>text.plist.strings</string>
			<key>name</key>
			<string>en</string>
			<key>path</key>
			<string>en.lproj/InfoPlist.strings</string>
			<key>sourceTree</key>
			<string>&lt;group&gt;</string>
		</dict>
		<key>AC130B5818D2C481002C14F8</key>
		<dict>
			<key>fileRef</key>
			<string>AC130B5618D2C481002C14F8</string>
			<key>isa</key>
			<string>PBXBuildFile</string>
		</dict>
		<key>AC130B5918D2C481002C14F8</key>
		<dict>
			<key>isa</key>
			<string>PBXFileReference</string>
			<key>lastKnownFileType</key>
			<string>sourcecode.c.objc</string>
			<key>path</key>
			<string>main.m</string>
			<key>sourceTree</key>
			<string>&lt;group&gt;</string>
		</dict>
		<key>AC130B5A18D2C481002C14F8</key>
		<dict>
			<key>fileRef</key>
			<string>AC130B5918D2C481002C14F8</string>
			<key>isa</key>
			<string>PBXBuildFile</string>
		</dict>
		<key>AC130B5B18D2C481002C14F8</key>
		<dict>
			<key>isa</key>
			<string>PBXFileReference</string>
			<key>lastKnownFileType</key>
			<string>sourcecode.c.h</string>
			<key>path</key>
			<string>MovieList-Prefix.pch</string>
			<key>sourceTree</key>
			<string>&lt;group&gt;</string>
		</dict>
		<key>AC130B5C18D2C481002C14F8</key>
		<dict>
			<key>isa</key>
			<string>PBXFileReference</string>
			<key>lastKnownFileType</key>
			<string>sourcecode.c.h</string>
			<key>path</key>
			<string>AppDelegate.h</string>
			<key>sourceTree</key>
			<string>&lt;group&gt;</string>
		</dict>
		<key>AC130B5D18D2C481002C14F8</key>
		<dict>
			<key>isa</key>
			<string>PBXFileReference</string>
			<key>lastKnownFileType</key>
			<string>sourcecode.c.objc</string>
			<key>path</key>
			<string>AppDelegate.m</string>
			<key>sourceTree</key>
			<string>&lt;group&gt;</string>
		</dict>
		<key>AC130B5E18D2C481002C14F8</key>
		<dict>
			<key>fileRef</key>
			<string>AC130B5D18D2C481002C14F8</string>
			<key>isa</key>
			<string>PBXBuildFile</string>
		</dict>
		<key>AC130B5F18D2C481002C14F8</key>
		<dict>
			<key>isa</key>
			<string>PBXFileReference</string>
			<key>lastKnownFileType</key>
			<string>folder.assetcatalog</string>
			<key>path</key>
			<string>Images.xcassets</string>
			<key>sourceTree</key>
			<string>&lt;group&gt;</string>
		</dict>
		<key>AC130B6018D2C481002C14F8</key>
		<dict>
			<key>fileRef</key>
			<string>AC130B5F18D2C481002C14F8</string>
			<key>isa</key>
			<string>PBXBuildFile</string>
		</dict>
		<key>AC130B6118D2C481002C14F8</key>
		<dict>
			<key>buildActionMask</key>
			<string>2147483647</string>
			<key>files</key>
			<array>
				<string>AC130B7318D2C481002C14F8</string>
			</array>
			<key>isa</key>
			<string>PBXSourcesBuildPhase</string>
			<key>runOnlyForDeploymentPostprocessing</key>
			<string>0</string>
		</dict>
		<key>AC130B6218D2C481002C14F8</key>
		<dict>
			<key>buildActionMask</key>
			<string>2147483647</string>
			<key>files</key>
			<array>
				<string>AC130B6718D2C481002C14F8</string>
				<string>AC130B6918D2C481002C14F8</string>
				<string>AC130B6818D2C481002C14F8</string>
			</array>
			<key>isa</key>
			<string>PBXFrameworksBuildPhase</string>
			<key>runOnlyForDeploymentPostprocessing</key>
			<string>0</string>
		</dict>
		<key>AC130B6318D2C481002C14F8</key>
		<dict>
			<key>buildActionMask</key>
			<string>2147483647</string>
			<key>files</key>
			<array>
				<string>AC130B7118D2C481002C14F8</string>
			</array>
			<key>isa</key>
			<string>PBXResourcesBuildPhase</string>
			<key>runOnlyForDeploymentPostprocessing</key>
			<string>0</string>
		</dict>
		<key>AC130B6418D2C481002C14F8</key>
		<dict>
			<key>buildConfigurationList</key>
			<string>AC130B7918D2C481002C14F8</string>
			<key>buildPhases</key>
			<array>
				<string>AC130B6118D2C481002C14F8</string>
				<string>AC130B6218D2C481002C14F8</string>
				<string>AC130B6318D2C481002C14F8</string>
			</array>
			<key>buildRules</key>
			<array/>
			<key>dependencies</key>
			<array>
				<string>AC130B6B18D2C481002C14F8</string>
			</array>
			<key>isa</key>
			<string>PBXNativeTarget</string>
			<key>name</key>
			<string>MovieListTests</string>
			<key>productName</key>
			<string>MovieListTests</string>
			<key>productReference</key>
			<string>AC130B6518D2C481002C14F8</string>
			<key>productType</key>
			<string>com.apple.product-type.bundle.unit-test</string>
		</dict>
		<key>AC130B6518D2C481002C14F8</key>
		<dict>
			<key>explicitFileType</key>
			<string>wrapper.cfbundle</string>
			<key>includeInIndex</key>
			<string>0</string>
			<key>isa</key>
			<string>PBXFileReference</string>
			<key>path</key>
			<string>MovieListTests.xctest</string>
			<key>sourceTree</key>
			<string>BUILT_PRODUCTS_DIR</string>
		</dict>
		<key>AC130B6618D2C481002C14F8</key>
		<dict>
			<key>isa</key>
			<string>PBXFileReference</string>
			<key>lastKnownFileType</key>
			<string>wrapper.framework</string>
			<key>name</key>
			<string>XCTest.framework</string>
			<key>path</key>
			<string>Library/Frameworks/XCTest.framework</string>
			<key>sourceTree</key>
			<string>DEVELOPER_DIR</string>
		</dict>
		<key>AC130B6718D2C481002C14F8</key>
		<dict>
			<key>fileRef</key>
			<string>AC130B6618D2C481002C14F8</string>
			<key>isa</key>
			<string>PBXBuildFile</string>
		</dict>
		<key>AC130B6818D2C481002C14F8</key>
		<dict>
			<key>fileRef</key>
			<string>AC130B4D18D2C481002C14F8</string>
			<key>isa</key>
			<string>PBXBuildFile</string>
		</dict>
		<key>AC130B6918D2C481002C14F8</key>
		<dict>
			<key>fileRef</key>
			<string>AC130B5118D2C481002C14F8</string>
			<key>isa</key>
			<string>PBXBuildFile</string>
		</dict>
		<key>AC130B6A18D2C481002C14F8</key>
		<dict>
			<key>containerPortal</key>
			<string>AC130B4218D2C481002C14F8</string>
			<key>isa</key>
			<string>PBXContainerItemProxy</string>
			<key>proxyType</key>
			<string>1</string>
			<key>remoteGlobalIDString</key>
			<string>AC130B4918D2C481002C14F8</string>
			<key>remoteInfo</key>
			<string>MovieList</string>
		</dict>
		<key>AC130B6B18D2C481002C14F8</key>
		<dict>
			<key>isa</key>
			<string>PBXTargetDependency</string>
			<key>target</key>
			<string>AC130B4918D2C481002C14F8</string>
			<key>targetProxy</key>
			<string>AC130B6A18D2C481002C14F8</string>
		</dict>
		<key>AC130B6C18D2C481002C14F8</key>
		<dict>
			<key>children</key>
			<array>
				<string>AC130B7218D2C481002C14F8</string>
				<string>AC130B6D18D2C481002C14F8</string>
			</array>
			<key>isa</key>
			<string>PBXGroup</string>
			<key>path</key>
			<string>MovieListTests</string>
			<key>sourceTree</key>
			<string>&lt;group&gt;</string>
		</dict>
		<key>AC130B6D18D2C481002C14F8</key>
		<dict>
			<key>children</key>
			<array>
				<string>AC130B6E18D2C481002C14F8</string>
				<string>AC130B6F18D2C481002C14F8</string>
			</array>
			<key>isa</key>
			<string>PBXGroup</string>
			<key>name</key>
			<string>Supporting Files</string>
			<key>sourceTree</key>
			<string>&lt;group&gt;</string>
		</dict>
		<key>AC130B6E18D2C481002C14F8</key>
		<dict>
			<key>isa</key>
			<string>PBXFileReference</string>
			<key>lastKnownFileType</key>
			<string>text.plist.xml</string>
			<key>path</key>
			<string>MovieListTests-Info.plist</string>
			<key>sourceTree</key>
			<string>&lt;group&gt;</string>
		</dict>
		<key>AC130B6F18D2C481002C14F8</key>
		<dict>
			<key>children</key>
			<array>
				<string>AC130B7018D2C481002C14F8</string>
			</array>
			<key>isa</key>
			<string>PBXVariantGroup</string>
			<key>name</key>
			<string>InfoPlist.strings</string>
			<key>sourceTree</key>
			<string>&lt;group&gt;</string>
		</dict>
		<key>AC130B7018D2C481002C14F8</key>
		<dict>
			<key>isa</key>
			<string>PBXFileReference</string>
			<key>lastKnownFileType</key>
			<string>text.plist.strings</string>
			<key>name</key>
			<string>en</string>
			<key>path</key>
			<string>en.lproj/InfoPlist.strings</string>
			<key>sourceTree</key>
			<string>&lt;group&gt;</string>
		</dict>
		<key>AC130B7118D2C481002C14F8</key>
		<dict>
			<key>fileRef</key>
			<string>AC130B6F18D2C481002C14F8</string>
			<key>isa</key>
			<string>PBXBuildFile</string>
		</dict>
		<key>AC130B7218D2C481002C14F8</key>
		<dict>
			<key>isa</key>
			<string>PBXFileReference</string>
			<key>lastKnownFileType</key>
			<string>sourcecode.c.objc</string>
			<key>path</key>
			<string>MovieListTests.m</string>
			<key>sourceTree</key>
			<string>&lt;group&gt;</string>
		</dict>
		<key>AC130B7318D2C481002C14F8</key>
		<dict>
			<key>fileRef</key>
			<string>AC130B7218D2C481002C14F8</string>
			<key>isa</key>
			<string>PBXBuildFile</string>
		</dict>
		<key>AC130B7418D2C481002C14F8</key>
		<dict>
			<key>buildSettings</key>
			<dict>
				<key>ALWAYS_SEARCH_USER_PATHS</key>
				<string>NO</string>
				<key>ARCHS</key>
				<string>$(ARCHS_STANDARD_INCLUDING_64_BIT)</string>
				<key>CLANG_CXX_LANGUAGE_STANDARD</key>
				<string>gnu++0x</string>
				<key>CLANG_CXX_LIBRARY</key>
				<string>libc++</string>
				<key>CLANG_ENABLE_MODULES</key>
				<string>YES</string>
				<key>CLANG_ENABLE_OBJC_ARC</key>
				<string>YES</string>
				<key>CLANG_WARN_BOOL_CONVERSION</key>
				<string>YES</string>
				<key>CLANG_WARN_CONSTANT_CONVERSION</key>
				<string>YES</string>
				<key>CLANG_WARN_DIRECT_OBJC_ISA_USAGE</key>
				<string>YES_ERROR</string>
				<key>CLANG_WARN_EMPTY_BODY</key>
				<string>YES</string>
				<key>CLANG_WARN_ENUM_CONVERSION</key>
				<string>YES</string>
				<key>CLANG_WARN_INT_CONVERSION</key>
				<string>YES</string>
				<key>CLANG_WARN_OBJC_ROOT_CLASS</key>
				<string>YES_ERROR</string>
				<key>CLANG_WARN__DUPLICATE_METHOD_MATCH</key>
				<string>YES</string>
				<key>CODE_SIGN_IDENTITY[sdk=iphoneos*]</key>
				<string>iPhone Developer</string>
				<key>COPY_PHASE_STRIP</key>
				<string>NO</string>
				<key>GCC_C_LANGUAGE_STANDARD</key>
				<string>gnu99</string>
				<key>GCC_DYNAMIC_NO_PIC</key>
				<string>NO</string>
				<key>GCC_OPTIMIZATION_LEVEL</key>
				<string>0</string>
				<key>GCC_PREPROCESSOR_DEFINITIONS</key>
				<array>
					<string>DEBUG=1</string>
					<string>$(inherited)</string>
				</array>
				<key>GCC_SYMBOLS_PRIVATE_EXTERN</key>
				<string>NO</string>
				<key>GCC_WARN_64_TO_32_BIT_CONVERSION</key>
				<string>YES</string>
				<key>GCC_WARN_ABOUT_RETURN_TYPE</key>
				<string>YES_ERROR</string>
				<key>GCC_WARN_UNDECLARED_SELECTOR</key>
				<string>YES</string>
				<key>GCC_WARN_UNINITIALIZED_AUTOS</key>
				<string>YES</string>
				<key>GCC_WARN_UNUSED_FUNCTION</key>
				<string>YES</string>
				<key>GCC_WARN_UNUSED_VARIABLE</key>
				<string>YES</string>
				<key>IPHONEOS_DEPLOYMENT_TARGET</key>
				<string>7.0</string>
				<key>ONLY_ACTIVE_ARCH</key>
				<string>YES</string>
				<key>SDKROOT</key>
				<string>iphoneos</string>
			</dict>
			<key>isa</key>
			<string>XCBuildConfiguration</string>
			<key>name</key>
			<string>Debug</string>
		</dict>
		<key>AC130B7518D2C481002C14F8</key>
		<dict>
			<key>buildSettings</key>
			<dict>
				<key>ALWAYS_SEARCH_USER_PATHS</key>
				<string>NO</string>
				<key>ARCHS</key>
				<string>$(ARCHS_STANDARD_INCLUDING_64_BIT)</string>
				<key>CLANG_CXX_LANGUAGE_STANDARD</key>
				<string>gnu++0x</string>
				<key>CLANG_CXX_LIBRARY</key>
				<string>libc++</string>
				<key>CLANG_ENABLE_MODULES</key>
				<string>YES</string>
				<key>CLANG_ENABLE_OBJC_ARC</key>
				<string>YES</string>
				<key>CLANG_WARN_BOOL_CONVERSION</key>
				<string>YES</string>
				<key>CLANG_WARN_CONSTANT_CONVERSION</key>
				<string>YES</string>
				<key>CLANG_WARN_DIRECT_OBJC_ISA_USAGE</key>
				<string>YES_ERROR</string>
				<key>CLANG_WARN_EMPTY_BODY</key>
				<string>YES</string>
				<key>CLANG_WARN_ENUM_CONVERSION</key>
				<string>YES</string>
				<key>CLANG_WARN_INT_CONVERSION</key>
				<string>YES</string>
				<key>CLANG_WARN_OBJC_ROOT_CLASS</key>
				<string>YES_ERROR</string>
				<key>CLANG_WARN__DUPLICATE_METHOD_MATCH</key>
				<string>YES</string>
				<key>CODE_SIGN_IDENTITY[sdk=iphoneos*]</key>
				<string>iPhone Developer</string>
				<key>COPY_PHASE_STRIP</key>
				<string>YES</string>
				<key>ENABLE_NS_ASSERTIONS</key>
				<string>NO</string>
				<key>GCC_C_LANGUAGE_STANDARD</key>
				<string>gnu99</string>
				<key>GCC_WARN_64_TO_32_BIT_CONVERSION</key>
				<string>YES</string>
				<key>GCC_WARN_ABOUT_RETURN_TYPE</key>
				<string>YES_ERROR</string>
				<key>GCC_WARN_UNDECLARED_SELECTOR</key>
				<string>YES</string>
				<key>GCC_WARN_UNINITIALIZED_AUTOS</key>
				<string>YES</string>
				<key>GCC_WARN_UNUSED_FUNCTION</key>
				<string>YES</string>
				<key>GCC_WARN_UNUSED_VARIABLE</key>
				<string>YES</string>
				<key>IPHONEOS_DEPLOYMENT_TARGET</key>
				<string>7.0</string>
				<key>SDKROOT</key>
				<string>iphoneos</string>
				<key>VALIDATE_PRODUCT</key>
				<string>YES</string>
			</dict>
			<key>isa</key>
			<string>XCBuildConfiguration</string>
			<key>name</key>
			<string>Release</string>
		</dict>
		<key>AC130B7618D2C481002C14F8</key>
		<dict>
			<key>buildConfigurations</key>
			<array>
				<string>AC130B7718D2C481002C14F8</string>
				<string>AC130B7818D2C481002C14F8</string>
			</array>
			<key>defaultConfigurationIsVisible</key>
			<string>0</string>
			<key>defaultConfigurationName</key>
			<string>Release</string>
			<key>isa</key>
			<string>XCConfigurationList</string>
		</dict>
		<key>AC130B7718D2C481002C14F8</key>
		<dict>
			<key>baseConfigurationReference</key>
			<string>65EE8F013EA946AA8380CC98</string>
			<key>buildSettings</key>
			<dict>
				<key>ASSETCATALOG_COMPILER_APPICON_NAME</key>
				<string>AppIcon</string>
				<key>ASSETCATALOG_COMPILER_LAUNCHIMAGE_NAME</key>
				<string>LaunchImage</string>
				<key>GCC_PRECOMPILE_PREFIX_HEADER</key>
				<string>YES</string>
				<key>GCC_PREFIX_HEADER</key>
				<string>MovieList/MovieList-Prefix.pch</string>
				<key>INFOPLIST_FILE</key>
				<string>MovieList/MovieList-Info.plist</string>
				<key>PRODUCT_NAME</key>
				<string>$(TARGET_NAME)</string>
				<key>WRAPPER_EXTENSION</key>
				<string>app</string>
			</dict>
			<key>isa</key>
			<string>XCBuildConfiguration</string>
			<key>name</key>
			<string>Debug</string>
		</dict>
		<key>AC130B7818D2C481002C14F8</key>
		<dict>
			<key>baseConfigurationReference</key>
			<string>65EE8F013EA946AA8380CC98</string>
			<key>buildSettings</key>
			<dict>
				<key>ASSETCATALOG_COMPILER_APPICON_NAME</key>
				<string>AppIcon</string>
				<key>ASSETCATALOG_COMPILER_LAUNCHIMAGE_NAME</key>
				<string>LaunchImage</string>
				<key>GCC_PRECOMPILE_PREFIX_HEADER</key>
				<string>YES</string>
				<key>GCC_PREFIX_HEADER</key>
				<string>MovieList/MovieList-Prefix.pch</string>
				<key>INFOPLIST_FILE</key>
				<string>MovieList/MovieList-Info.plist</string>
				<key>PRODUCT_NAME</key>
				<string>$(TARGET_NAME)</string>
				<key>WRAPPER_EXTENSION</key>
				<string>app</string>
			</dict>
			<key>isa</key>
			<string>XCBuildConfiguration</string>
			<key>name</key>
			<string>Release</string>
		</dict>
		<key>AC130B7918D2C481002C14F8</key>
		<dict>
			<key>buildConfigurations</key>
			<array>
				<string>AC130B7A18D2C481002C14F8</string>
				<string>AC130B7B18D2C481002C14F8</string>
			</array>
			<key>defaultConfigurationIsVisible</key>
			<string>0</string>
			<key>defaultConfigurationName</key>
			<string>Release</string>
			<key>isa</key>
			<string>XCConfigurationList</string>
		</dict>
		<key>AC130B7A18D2C481002C14F8</key>
		<dict>
			<key>buildSettings</key>
			<dict>
				<key>ARCHS</key>
				<string>$(ARCHS_STANDARD_INCLUDING_64_BIT)</string>
				<key>BUNDLE_LOADER</key>
				<string>$(BUILT_PRODUCTS_DIR)/MovieList.app/MovieList</string>
				<key>FRAMEWORK_SEARCH_PATHS</key>
				<array>
					<string>$(SDKROOT)/Developer/Library/Frameworks</string>
					<string>$(inherited)</string>
					<string>$(DEVELOPER_FRAMEWORKS_DIR)</string>
				</array>
				<key>GCC_PRECOMPILE_PREFIX_HEADER</key>
				<string>YES</string>
				<key>GCC_PREFIX_HEADER</key>
				<string>MovieList/MovieList-Prefix.pch</string>
				<key>GCC_PREPROCESSOR_DEFINITIONS</key>
				<array>
					<string>DEBUG=1</string>
					<string>$(inherited)</string>
				</array>
				<key>INFOPLIST_FILE</key>
				<string>MovieListTests/MovieListTests-Info.plist</string>
				<key>PRODUCT_NAME</key>
				<string>$(TARGET_NAME)</string>
				<key>TEST_HOST</key>
				<string>$(BUNDLE_LOADER)</string>
				<key>WRAPPER_EXTENSION</key>
				<string>xctest</string>
			</dict>
			<key>isa</key>
			<string>XCBuildConfiguration</string>
			<key>name</key>
			<string>Debug</string>
		</dict>
		<key>AC130B7B18D2C481002C14F8</key>
		<dict>
			<key>buildSettings</key>
			<dict>
				<key>ARCHS</key>
				<string>$(ARCHS_STANDARD_INCLUDING_64_BIT)</string>
				<key>BUNDLE_LOADER</key>
				<string>$(BUILT_PRODUCTS_DIR)/MovieList.app/MovieList</string>
				<key>FRAMEWORK_SEARCH_PATHS</key>
				<array>
					<string>$(SDKROOT)/Developer/Library/Frameworks</string>
					<string>$(inherited)</string>
					<string>$(DEVELOPER_FRAMEWORKS_DIR)</string>
				</array>
				<key>GCC_PRECOMPILE_PREFIX_HEADER</key>
				<string>YES</string>
				<key>GCC_PREFIX_HEADER</key>
				<string>MovieList/MovieList-Prefix.pch</string>
				<key>INFOPLIST_FILE</key>
				<string>MovieListTests/MovieListTests-Info.plist</string>
				<key>PRODUCT_NAME</key>
				<string>$(TARGET_NAME)</string>
				<key>TEST_HOST</key>
				<string>$(BUNDLE_LOADER)</string>
				<key>WRAPPER_EXTENSION</key>
				<string>xctest</string>
			</dict>
			<key>isa</key>
			<string>XCBuildConfiguration</string>
			<key>name</key>
			<string>Release</string>
		</dict>
		<key>AC130B7C18D2C5FF002C14F8</key>
		<dict>
			<key>fileEncoding</key>
			<string>4</string>
			<key>isa</key>
			<string>PBXFileReference</string>
			<key>lastKnownFileType</key>
			<string>sourcecode.c.h</string>
			<key>path</key>
			<string>ListViewController.h</string>
			<key>sourceTree</key>
			<string>&lt;group&gt;</string>
		</dict>
		<key>AC130B7D18D2C5FF002C14F8</key>
		<dict>
			<key>fileEncoding</key>
			<string>4</string>
			<key>isa</key>
			<string>PBXFileReference</string>
			<key>lastKnownFileType</key>
			<string>sourcecode.c.objc</string>
			<key>path</key>
			<string>ListViewController.m</string>
			<key>sourceTree</key>
			<string>&lt;group&gt;</string>
		</dict>
		<key>AC130B7E18D2C5FF002C14F8</key>
		<dict>
			<key>fileEncoding</key>
			<string>4</string>
			<key>isa</key>
			<string>PBXFileReference</string>
			<key>lastKnownFileType</key>
			<string>file.xib</string>
			<key>path</key>
			<string>ListViewController.xib</string>
			<key>sourceTree</key>
			<string>&lt;group&gt;</string>
		</dict>
		<key>AC130B7F18D2C5FF002C14F8</key>
		<dict>
			<key>fileRef</key>
			<string>AC130B7D18D2C5FF002C14F8</string>
			<key>isa</key>
			<string>PBXBuildFile</string>
		</dict>
		<key>AC130B8018D2C5FF002C14F8</key>
		<dict>
			<key>fileRef</key>
			<string>AC130B7E18D2C5FF002C14F8</string>
			<key>isa</key>
			<string>PBXBuildFile</string>
		</dict>
		<key>AC130B8118D2C711002C14F8</key>
		<dict>
			<key>children</key>
			<array>
				<string>AC130B7C18D2C5FF002C14F8</string>
				<string>AC130B7D18D2C5FF002C14F8</string>
				<string>AC130B7E18D2C5FF002C14F8</string>
			</array>
			<key>isa</key>
			<string>PBXGroup</string>
			<key>name</key>
			<string>View Controllers</string>
			<key>sourceTree</key>
			<string>&lt;group&gt;</string>
		</dict>
		<key>AC83877418D3E59400758203</key>
		<dict>
			<key>children</key>
			<array>
				<string>AC83877518D3E5C300758203</string>
				<string>AC83877618D3E5C300758203</string>
			</array>
			<key>isa</key>
			<string>PBXGroup</string>
			<key>name</key>
			<string>Models</string>
			<key>sourceTree</key>
			<string>&lt;group&gt;</string>
		</dict>
		<key>AC83877518D3E5C300758203</key>
		<dict>
			<key>fileEncoding</key>
			<string>4</string>
			<key>isa</key>
			<string>PBXFileReference</string>
			<key>lastKnownFileType</key>
			<string>sourcecode.c.h</string>
			<key>path</key>
			<string>MovieModel.h</string>
			<key>sourceTree</key>
			<string>&lt;group&gt;</string>
		</dict>
		<key>AC83877618D3E5C300758203</key>
		<dict>
			<key>fileEncoding</key>
			<string>4</string>
			<key>isa</key>
			<string>PBXFileReference</string>
			<key>lastKnownFileType</key>
			<string>sourcecode.c.objc</string>
			<key>path</key>
			<string>MovieModel.m</string>
			<key>sourceTree</key>
			<string>&lt;group&gt;</string>
		</dict>
		<key>AC83877718D3E5C300758203</key>
		<dict>
			<key>fileRef</key>
			<string>AC83877618D3E5C300758203</string>
			<key>isa</key>
			<string>PBXBuildFile</string>
		</dict>
		<key>B558B719A21D4932AFA361A3</key>
		<dict>
			<key>buildActionMask</key>
			<string>2147483647</string>
			<key>files</key>
			<array/>
			<key>inputPaths</key>
			<array/>
			<key>isa</key>
			<string>PBXShellScriptBuildPhase</string>
			<key>name</key>
			<string>Copy Pods Resources</string>
			<key>outputPaths</key>
			<array/>
			<key>runOnlyForDeploymentPostprocessing</key>
			<string>0</string>
			<key>shellPath</key>
			<string>/bin/sh</string>
			<key>shellScript</key>
			<string>"${SRCROOT}/Pods/Pods-resources.sh"
</string>
			<key>showEnvVarsInLog</key>
			<string>0</string>
		</dict>
	</dict>
	<key>rootObject</key>
	<string>AC130B4218D2C481002C14F8</string>
</dict>
</plist>
